// !$*UTF8*$!
{
	archiveVersion = 1;
	classes = {
	};
	objectVersion = 51;
	objects = {

/* Begin PBXBuildFile section */
		32A894BF241E0505000B6AA1 /* RESTNetworkClient.swift in Sources */ = {isa = PBXBuildFile; fileRef = 32A894BE241E0505000B6AA1 /* RESTNetworkClient.swift */; };
		32D999D2241C9E20000E8FBF /* AppDelegate.swift in Sources */ = {isa = PBXBuildFile; fileRef = 32D999D1241C9E20000E8FBF /* AppDelegate.swift */; };
		32D999D7241C9E20000E8FBF /* Main.storyboard in Resources */ = {isa = PBXBuildFile; fileRef = 32D999D5241C9E20000E8FBF /* Main.storyboard */; };
		32D999D9241C9E2A000E8FBF /* Assets.xcassets in Resources */ = {isa = PBXBuildFile; fileRef = 32D999D8241C9E2A000E8FBF /* Assets.xcassets */; };
		32D999DC241C9E2A000E8FBF /* LaunchScreen.storyboard in Resources */ = {isa = PBXBuildFile; fileRef = 32D999DA241C9E2A000E8FBF /* LaunchScreen.storyboard */; };
		32D999E8241CA15E000E8FBF /* NetworkManager.swift in Sources */ = {isa = PBXBuildFile; fileRef = 32D999E7241CA15E000E8FBF /* NetworkManager.swift */; };
		32D999EA241CA19B000E8FBF /* Movie.swift in Sources */ = {isa = PBXBuildFile; fileRef = 32D999E9241CA19B000E8FBF /* Movie.swift */; };
		32D999ED241CA90E000E8FBF /* URLConstants.swift in Sources */ = {isa = PBXBuildFile; fileRef = 32D999EC241CA90E000E8FBF /* URLConstants.swift */; };
		32D999F2241CACC7000E8FBF /* MoviesListViewController.swift in Sources */ = {isa = PBXBuildFile; fileRef = 32D999F1241CACC7000E8FBF /* MoviesListViewController.swift */; };
		32D999F4241CACDB000E8FBF /* MoviesListViewModel.swift in Sources */ = {isa = PBXBuildFile; fileRef = 32D999F3241CACDB000E8FBF /* MoviesListViewModel.swift */; };
		32D999F6241CACF7000E8FBF /* MovieDetailsViewController.swift in Sources */ = {isa = PBXBuildFile; fileRef = 32D999F5241CACF7000E8FBF /* MovieDetailsViewController.swift */; };
		32D999F8241CAD0C000E8FBF /* MovieDetailsViewModel.swift in Sources */ = {isa = PBXBuildFile; fileRef = 32D999F7241CAD0C000E8FBF /* MovieDetailsViewModel.swift */; };
		32D999FA241CAEDD000E8FBF /* MovieTableViewCell.swift in Sources */ = {isa = PBXBuildFile; fileRef = 32D999F9241CAEDD000E8FBF /* MovieTableViewCell.swift */; };
		32D999FE241CF88A000E8FBF /* AppAssembly.swift in Sources */ = {isa = PBXBuildFile; fileRef = 32D999FD241CF88A000E8FBF /* AppAssembly.swift */; };
		32D99A00241CFBC6000E8FBF /* AppWorkflow.swift in Sources */ = {isa = PBXBuildFile; fileRef = 32D999FF241CFBC6000E8FBF /* AppWorkflow.swift */; };
		32D99A02241D1750000E8FBF /* UITableView+EmptyView.swift in Sources */ = {isa = PBXBuildFile; fileRef = 32D99A01241D1750000E8FBF /* UITableView+EmptyView.swift */; };
		F75AD561469B4930F19845FB /* Pods_HeadyMovieDB.framework in Frameworks */ = {isa = PBXBuildFile; fileRef = E7C228B0A18E1A1ADF87386A /* Pods_HeadyMovieDB.framework */; };
/* End PBXBuildFile section */

/* Begin PBXFileReference section */
		32A894BE241E0505000B6AA1 /* RESTNetworkClient.swift */ = {isa = PBXFileReference; lastKnownFileType = sourcecode.swift; path = RESTNetworkClient.swift; sourceTree = "<group>"; };
		32D999CE241C9E20000E8FBF /* HeadyMovieDB.app */ = {isa = PBXFileReference; explicitFileType = wrapper.application; includeInIndex = 0; path = HeadyMovieDB.app; sourceTree = BUILT_PRODUCTS_DIR; };
		32D999D1241C9E20000E8FBF /* AppDelegate.swift */ = {isa = PBXFileReference; lastKnownFileType = sourcecode.swift; path = AppDelegate.swift; sourceTree = "<group>"; };
		32D999D6241C9E20000E8FBF /* Base */ = {isa = PBXFileReference; lastKnownFileType = file.storyboard; name = Base; path = Base.lproj/Main.storyboard; sourceTree = "<group>"; };
		32D999D8241C9E2A000E8FBF /* Assets.xcassets */ = {isa = PBXFileReference; lastKnownFileType = folder.assetcatalog; path = Assets.xcassets; sourceTree = "<group>"; };
		32D999DB241C9E2A000E8FBF /* Base */ = {isa = PBXFileReference; lastKnownFileType = file.storyboard; name = Base; path = Base.lproj/LaunchScreen.storyboard; sourceTree = "<group>"; };
		32D999DD241C9E2A000E8FBF /* Info.plist */ = {isa = PBXFileReference; lastKnownFileType = text.plist.xml; path = Info.plist; sourceTree = "<group>"; };
		32D999E7241CA15E000E8FBF /* NetworkManager.swift */ = {isa = PBXFileReference; lastKnownFileType = sourcecode.swift; path = NetworkManager.swift; sourceTree = "<group>"; };
		32D999E9241CA19B000E8FBF /* Movie.swift */ = {isa = PBXFileReference; lastKnownFileType = sourcecode.swift; path = Movie.swift; sourceTree = "<group>"; };
		32D999EC241CA90E000E8FBF /* URLConstants.swift */ = {isa = PBXFileReference; lastKnownFileType = sourcecode.swift; path = URLConstants.swift; sourceTree = "<group>"; };
		32D999F1241CACC7000E8FBF /* MoviesListViewController.swift */ = {isa = PBXFileReference; lastKnownFileType = sourcecode.swift; path = MoviesListViewController.swift; sourceTree = "<group>"; };
		32D999F3241CACDB000E8FBF /* MoviesListViewModel.swift */ = {isa = PBXFileReference; lastKnownFileType = sourcecode.swift; path = MoviesListViewModel.swift; sourceTree = "<group>"; };
		32D999F5241CACF7000E8FBF /* MovieDetailsViewController.swift */ = {isa = PBXFileReference; lastKnownFileType = sourcecode.swift; path = MovieDetailsViewController.swift; sourceTree = "<group>"; };
		32D999F7241CAD0C000E8FBF /* MovieDetailsViewModel.swift */ = {isa = PBXFileReference; lastKnownFileType = sourcecode.swift; path = MovieDetailsViewModel.swift; sourceTree = "<group>"; };
		32D999F9241CAEDD000E8FBF /* MovieTableViewCell.swift */ = {isa = PBXFileReference; lastKnownFileType = sourcecode.swift; path = MovieTableViewCell.swift; sourceTree = "<group>"; };
		32D999FD241CF88A000E8FBF /* AppAssembly.swift */ = {isa = PBXFileReference; lastKnownFileType = sourcecode.swift; path = AppAssembly.swift; sourceTree = "<group>"; };
		32D999FF241CFBC6000E8FBF /* AppWorkflow.swift */ = {isa = PBXFileReference; lastKnownFileType = sourcecode.swift; path = AppWorkflow.swift; sourceTree = "<group>"; };
		32D99A01241D1750000E8FBF /* UITableView+EmptyView.swift */ = {isa = PBXFileReference; lastKnownFileType = sourcecode.swift; path = "UITableView+EmptyView.swift"; sourceTree = "<group>"; };
		A6D21ED394BD2F59D4F5609C /* Pods-HeadyMovieDB.debug.xcconfig */ = {isa = PBXFileReference; includeInIndex = 1; lastKnownFileType = text.xcconfig; name = "Pods-HeadyMovieDB.debug.xcconfig"; path = "Target Support Files/Pods-HeadyMovieDB/Pods-HeadyMovieDB.debug.xcconfig"; sourceTree = "<group>"; };
		E7C228B0A18E1A1ADF87386A /* Pods_HeadyMovieDB.framework */ = {isa = PBXFileReference; explicitFileType = wrapper.framework; includeInIndex = 0; path = Pods_HeadyMovieDB.framework; sourceTree = BUILT_PRODUCTS_DIR; };
		F970B1281A10B00B6DED0D1B /* Pods-HeadyMovieDB.release.xcconfig */ = {isa = PBXFileReference; includeInIndex = 1; lastKnownFileType = text.xcconfig; name = "Pods-HeadyMovieDB.release.xcconfig"; path = "Target Support Files/Pods-HeadyMovieDB/Pods-HeadyMovieDB.release.xcconfig"; sourceTree = "<group>"; };
/* End PBXFileReference section */

/* Begin PBXFrameworksBuildPhase section */
		32D999CB241C9E20000E8FBF /* Frameworks */ = {
			isa = PBXFrameworksBuildPhase;
			buildActionMask = 2147483647;
			files = (
				F75AD561469B4930F19845FB /* Pods_HeadyMovieDB.framework in Frameworks */,
			);
			runOnlyForDeploymentPostprocessing = 0;
		};
/* End PBXFrameworksBuildPhase section */

/* Begin PBXGroup section */
		32D999C5241C9E20000E8FBF = {
			isa = PBXGroup;
			children = (
				32D999D0241C9E20000E8FBF /* HeadyMovieDB */,
				32D999CF241C9E20000E8FBF /* Products */,
				B1285A843EC18DC2BA597D35 /* Pods */,
				EF4A556D84C72E6E14ED86CA /* Frameworks */,
			);
			sourceTree = "<group>";
		};
		32D999CF241C9E20000E8FBF /* Products */ = {
			isa = PBXGroup;
			children = (
				32D999CE241C9E20000E8FBF /* HeadyMovieDB.app */,
			);
			name = Products;
			sourceTree = "<group>";
		};
		32D999D0241C9E20000E8FBF /* HeadyMovieDB */ = {
			isa = PBXGroup;
			children = (
				32D999E3241C9E66000E8FBF /* CoreModule */,
				32D999EE241CAC4F000E8FBF /* MoviesModule */,
				32D999D1241C9E20000E8FBF /* AppDelegate.swift */,
				32D999D5241C9E20000E8FBF /* Main.storyboard */,
				32D999D8241C9E2A000E8FBF /* Assets.xcassets */,
				32D999DA241C9E2A000E8FBF /* LaunchScreen.storyboard */,
				32D999DD241C9E2A000E8FBF /* Info.plist */,
			);
			path = HeadyMovieDB;
			sourceTree = "<group>";
		};
		32D999E3241C9E66000E8FBF /* CoreModule */ = {
			isa = PBXGroup;
			children = (
				32D999FC241CF7C5000E8FBF /* Workflow */,
				32D999FB241CF7B0000E8FBF /* Assembly */,
				32D999EB241CA888000E8FBF /* Constants */,
				32D999E6241C9EAF000E8FBF /* Entities */,
				32D999E5241C9E82000E8FBF /* Networking */,
				32D999E4241C9E78000E8FBF /* Extensions */,
			);
			path = CoreModule;
			sourceTree = "<group>";
		};
		32D999E4241C9E78000E8FBF /* Extensions */ = {
			isa = PBXGroup;
			children = (
				32D99A01241D1750000E8FBF /* UITableView+EmptyView.swift */,
			);
			path = Extensions;
			sourceTree = "<group>";
		};
		32D999E5241C9E82000E8FBF /* Networking */ = {
			isa = PBXGroup;
			children = (
				32D999E7241CA15E000E8FBF /* NetworkManager.swift */,
				32A894BE241E0505000B6AA1 /* RESTNetworkClient.swift */,
			);
			path = Networking;
			sourceTree = "<group>";
		};
		32D999E6241C9EAF000E8FBF /* Entities */ = {
			isa = PBXGroup;
			children = (
				32D999E9241CA19B000E8FBF /* Movie.swift */,
			);
			path = Entities;
			sourceTree = "<group>";
		};
		32D999EB241CA888000E8FBF /* Constants */ = {
			isa = PBXGroup;
			children = (
				32D999EC241CA90E000E8FBF /* URLConstants.swift */,
			);
			path = Constants;
			sourceTree = "<group>";
		};
		32D999EE241CAC4F000E8FBF /* MoviesModule */ = {
			isa = PBXGroup;
			children = (
				32D999F0241CACA0000E8FBF /* MovieDetailsViewController */,
				32D999EF241CAC94000E8FBF /* MoviesListViewController */,
			);
			path = MoviesModule;
			sourceTree = "<group>";
		};
		32D999EF241CAC94000E8FBF /* MoviesListViewController */ = {
			isa = PBXGroup;
			children = (
				32D999F1241CACC7000E8FBF /* MoviesListViewController.swift */,
				32D999F3241CACDB000E8FBF /* MoviesListViewModel.swift */,
				32D999F9241CAEDD000E8FBF /* MovieTableViewCell.swift */,
			);
			path = MoviesListViewController;
			sourceTree = "<group>";
		};
		32D999F0241CACA0000E8FBF /* MovieDetailsViewController */ = {
			isa = PBXGroup;
			children = (
				32D999F5241CACF7000E8FBF /* MovieDetailsViewController.swift */,
				32D999F7241CAD0C000E8FBF /* MovieDetailsViewModel.swift */,
			);
			path = MovieDetailsViewController;
			sourceTree = "<group>";
		};
		32D999FB241CF7B0000E8FBF /* Assembly */ = {
			isa = PBXGroup;
			children = (
				32D999FD241CF88A000E8FBF /* AppAssembly.swift */,
			);
			path = Assembly;
			sourceTree = "<group>";
		};
		32D999FC241CF7C5000E8FBF /* Workflow */ = {
			isa = PBXGroup;
			children = (
				32D999FF241CFBC6000E8FBF /* AppWorkflow.swift */,
			);
			path = Workflow;
			sourceTree = "<group>";
		};
		B1285A843EC18DC2BA597D35 /* Pods */ = {
			isa = PBXGroup;
			children = (
				A6D21ED394BD2F59D4F5609C /* Pods-HeadyMovieDB.debug.xcconfig */,
				F970B1281A10B00B6DED0D1B /* Pods-HeadyMovieDB.release.xcconfig */,
			);
			path = Pods;
			sourceTree = "<group>";
		};
		EF4A556D84C72E6E14ED86CA /* Frameworks */ = {
			isa = PBXGroup;
			children = (
				E7C228B0A18E1A1ADF87386A /* Pods_HeadyMovieDB.framework */,
			);
			name = Frameworks;
			sourceTree = "<group>";
		};
/* End PBXGroup section */

/* Begin PBXNativeTarget section */
		32D999CD241C9E20000E8FBF /* HeadyMovieDB */ = {
			isa = PBXNativeTarget;
			buildConfigurationList = 32D999E0241C9E2A000E8FBF /* Build configuration list for PBXNativeTarget "HeadyMovieDB" */;
			buildPhases = (
				90475B1B0DD7DC3CE02060B3 /* [CP] Check Pods Manifest.lock */,
				32D999CA241C9E20000E8FBF /* Sources */,
				32D999CB241C9E20000E8FBF /* Frameworks */,
				32D999CC241C9E20000E8FBF /* Resources */,
				A1AFEA3B11D678735DDA51F6 /* [CP] Embed Pods Frameworks */,
			);
			buildRules = (
			);
			dependencies = (
			);
			name = HeadyMovieDB;
			productName = HeadyMovieDB;
			productReference = 32D999CE241C9E20000E8FBF /* HeadyMovieDB.app */;
			productType = "com.apple.product-type.application";
		};
/* End PBXNativeTarget section */

/* Begin PBXProject section */
		32D999C6241C9E20000E8FBF /* Project object */ = {
			isa = PBXProject;
			attributes = {
				LastSwiftUpdateCheck = 1010;
				LastUpgradeCheck = 1010;
				ORGANIZATIONNAME = "Atul Mane";
				TargetAttributes = {
					32D999CD241C9E20000E8FBF = {
						CreatedOnToolsVersion = 10.1;
					};
				};
			};
			buildConfigurationList = 32D999C9241C9E20000E8FBF /* Build configuration list for PBXProject "HeadyMovieDB" */;
			compatibilityVersion = "Xcode 9.3";
			developmentRegion = en;
			hasScannedForEncodings = 0;
			knownRegions = (
				en,
				Base,
			);
			mainGroup = 32D999C5241C9E20000E8FBF;
			productRefGroup = 32D999CF241C9E20000E8FBF /* Products */;
			projectDirPath = "";
			projectRoot = "";
			targets = (
				32D999CD241C9E20000E8FBF /* HeadyMovieDB */,
			);
		};
/* End PBXProject section */

/* Begin PBXResourcesBuildPhase section */
		32D999CC241C9E20000E8FBF /* Resources */ = {
			isa = PBXResourcesBuildPhase;
			buildActionMask = 2147483647;
			files = (
				32D999DC241C9E2A000E8FBF /* LaunchScreen.storyboard in Resources */,
				32D999D9241C9E2A000E8FBF /* Assets.xcassets in Resources */,
				32D999D7241C9E20000E8FBF /* Main.storyboard in Resources */,
			);
			runOnlyForDeploymentPostprocessing = 0;
		};
/* End PBXResourcesBuildPhase section */

/* Begin PBXShellScriptBuildPhase section */
		90475B1B0DD7DC3CE02060B3 /* [CP] Check Pods Manifest.lock */ = {
			isa = PBXShellScriptBuildPhase;
			buildActionMask = 2147483647;
			files = (
			);
			inputFileListPaths = (
			);
			inputPaths = (
				"${PODS_PODFILE_DIR_PATH}/Podfile.lock",
				"${PODS_ROOT}/Manifest.lock",
			);
			name = "[CP] Check Pods Manifest.lock";
			outputFileListPaths = (
			);
			outputPaths = (
				"$(DERIVED_FILE_DIR)/Pods-HeadyMovieDB-checkManifestLockResult.txt",
			);
			runOnlyForDeploymentPostprocessing = 0;
			shellPath = /bin/sh;
			shellScript = "diff \"${PODS_PODFILE_DIR_PATH}/Podfile.lock\" \"${PODS_ROOT}/Manifest.lock\" > /dev/null\nif [ $? != 0 ] ; then\n    # print error to STDERR\n    echo \"error: The sandbox is not in sync with the Podfile.lock. Run 'pod install' or update your CocoaPods installation.\" >&2\n    exit 1\nfi\n# This output is used by Xcode 'outputs' to avoid re-running this script phase.\necho \"SUCCESS\" > \"${SCRIPT_OUTPUT_FILE_0}\"\n";
			showEnvVarsInLog = 0;
		};
		A1AFEA3B11D678735DDA51F6 /* [CP] Embed Pods Frameworks */ = {
			isa = PBXShellScriptBuildPhase;
			buildActionMask = 2147483647;
			files = (
			);
			inputFileListPaths = (
				"${PODS_ROOT}/Target Support Files/Pods-HeadyMovieDB/Pods-HeadyMovieDB-frameworks-${CONFIGURATION}-input-files.xcfilelist",
			);
			name = "[CP] Embed Pods Frameworks";
			outputFileListPaths = (
				"${PODS_ROOT}/Target Support Files/Pods-HeadyMovieDB/Pods-HeadyMovieDB-frameworks-${CONFIGURATION}-output-files.xcfilelist",
			);
			runOnlyForDeploymentPostprocessing = 0;
			shellPath = /bin/sh;
			shellScript = "\"${PODS_ROOT}/Target Support Files/Pods-HeadyMovieDB/Pods-HeadyMovieDB-frameworks.sh\"\n";
			showEnvVarsInLog = 0;
		};
/* End PBXShellScriptBuildPhase section */

/* Begin PBXSourcesBuildPhase section */
		32D999CA241C9E20000E8FBF /* Sources */ = {
			isa = PBXSourcesBuildPhase;
			buildActionMask = 2147483647;
			files = (
				32D999FA241CAEDD000E8FBF /* MovieTableViewCell.swift in Sources */,
				32D999F6241CACF7000E8FBF /* MovieDetailsViewController.swift in Sources */,
				32D999E8241CA15E000E8FBF /* NetworkManager.swift in Sources */,
				32D999ED241CA90E000E8FBF /* URLConstants.swift in Sources */,
				32D99A02241D1750000E8FBF /* UITableView+EmptyView.swift in Sources */,
				32A894BF241E0505000B6AA1 /* RESTNetworkClient.swift in Sources */,
				32D99A00241CFBC6000E8FBF /* AppWorkflow.swift in Sources */,
				32D999EA241CA19B000E8FBF /* Movie.swift in Sources */,
				32D999FE241CF88A000E8FBF /* AppAssembly.swift in Sources */,
				32D999F4241CACDB000E8FBF /* MoviesListViewModel.swift in Sources */,
				32D999D2241C9E20000E8FBF /* AppDelegate.swift in Sources */,
				32D999F2241CACC7000E8FBF /* MoviesListViewController.swift in Sources */,
				32D999F8241CAD0C000E8FBF /* MovieDetailsViewModel.swift in Sources */,
			);
			runOnlyForDeploymentPostprocessing = 0;
		};
/* End PBXSourcesBuildPhase section */

/* Begin PBXVariantGroup section */
		32D999D5241C9E20000E8FBF /* Main.storyboard */ = {
			isa = PBXVariantGroup;
			children = (
				32D999D6241C9E20000E8FBF /* Base */,
			);
			name = Main.storyboard;
			sourceTree = "<group>";
		};
		32D999DA241C9E2A000E8FBF /* LaunchScreen.storyboard */ = {
			isa = PBXVariantGroup;
			children = (
				32D999DB241C9E2A000E8FBF /* Base */,
			);
			name = LaunchScreen.storyboard;
			sourceTree = "<group>";
		};
/* End PBXVariantGroup section */

/* Begin XCBuildConfiguration section */
		32D999DE241C9E2A000E8FBF /* Debug */ = {
			isa = XCBuildConfiguration;
			buildSettings = {
				ALWAYS_SEARCH_USER_PATHS = NO;
				CLANG_ANALYZER_NONNULL = YES;
				CLANG_ANALYZER_NUMBER_OBJECT_CONVERSION = YES_AGGRESSIVE;
				CLANG_CXX_LANGUAGE_STANDARD = "gnu++14";
				CLANG_CXX_LIBRARY = "libc++";
				CLANG_ENABLE_MODULES = YES;
				CLANG_ENABLE_OBJC_ARC = YES;
				CLANG_ENABLE_OBJC_WEAK = YES;
				CLANG_WARN_BLOCK_CAPTURE_AUTORELEASING = YES;
				CLANG_WARN_BOOL_CONVERSION = YES;
				CLANG_WARN_COMMA = YES;
				CLANG_WARN_CONSTANT_CONVERSION = YES;
				CLANG_WARN_DEPRECATED_OBJC_IMPLEMENTATIONS = YES;
				CLANG_WARN_DIRECT_OBJC_ISA_USAGE = YES_ERROR;
				CLANG_WARN_DOCUMENTATION_COMMENTS = YES;
				CLANG_WARN_EMPTY_BODY = YES;
				CLANG_WARN_ENUM_CONVERSION = YES;
				CLANG_WARN_INFINITE_RECURSION = YES;
				CLANG_WARN_INT_CONVERSION = YES;
				CLANG_WARN_NON_LITERAL_NULL_CONVERSION = YES;
				CLANG_WARN_OBJC_IMPLICIT_RETAIN_SELF = YES;
				CLANG_WARN_OBJC_LITERAL_CONVERSION = YES;
				CLANG_WARN_OBJC_ROOT_CLASS = YES_ERROR;
				CLANG_WARN_RANGE_LOOP_ANALYSIS = YES;
				CLANG_WARN_STRICT_PROTOTYPES = YES;
				CLANG_WARN_SUSPICIOUS_MOVE = YES;
				CLANG_WARN_UNGUARDED_AVAILABILITY = YES_AGGRESSIVE;
				CLANG_WARN_UNREACHABLE_CODE = YES;
				CLANG_WARN__DUPLICATE_METHOD_MATCH = YES;
				CODE_SIGN_IDENTITY = "iPhone Developer";
				COPY_PHASE_STRIP = NO;
				DEBUG_INFORMATION_FORMAT = dwarf;
				ENABLE_STRICT_OBJC_MSGSEND = YES;
				ENABLE_TESTABILITY = YES;
				GCC_C_LANGUAGE_STANDARD = gnu11;
				GCC_DYNAMIC_NO_PIC = NO;
				GCC_NO_COMMON_BLOCKS = YES;
				GCC_OPTIMIZATION_LEVEL = 0;
				GCC_PREPROCESSOR_DEFINITIONS = (
					"DEBUG=1",
					"$(inherited)",
				);
				GCC_WARN_64_TO_32_BIT_CONVERSION = YES;
				GCC_WARN_ABOUT_RETURN_TYPE = YES_ERROR;
				GCC_WARN_UNDECLARED_SELECTOR = YES;
				GCC_WARN_UNINITIALIZED_AUTOS = YES_AGGRESSIVE;
				GCC_WARN_UNUSED_FUNCTION = YES;
				GCC_WARN_UNUSED_VARIABLE = YES;
				IPHONEOS_DEPLOYMENT_TARGET = 12.1;
				MTL_ENABLE_DEBUG_INFO = INCLUDE_SOURCE;
				MTL_FAST_MATH = YES;
				ONLY_ACTIVE_ARCH = YES;
				SDKROOT = iphoneos;
				SWIFT_ACTIVE_COMPILATION_CONDITIONS = DEBUG;
				SWIFT_OPTIMIZATION_LEVEL = "-Onone";
				SWIFT_VERSION = 4.2;
			};
			name = Debug;
		};
		32D999DF241C9E2A000E8FBF /* Release */ = {
			isa = XCBuildConfiguration;
			buildSettings = {
				ALWAYS_SEARCH_USER_PATHS = NO;
				CLANG_ANALYZER_NONNULL = YES;
				CLANG_ANALYZER_NUMBER_OBJECT_CONVERSION = YES_AGGRESSIVE;
				CLANG_CXX_LANGUAGE_STANDARD = "gnu++14";
				CLANG_CXX_LIBRARY = "libc++";
				CLANG_ENABLE_MODULES = YES;
				CLANG_ENABLE_OBJC_ARC = YES;
				CLANG_ENABLE_OBJC_WEAK = YES;
				CLANG_WARN_BLOCK_CAPTURE_AUTORELEASING = YES;
				CLANG_WARN_BOOL_CONVERSION = YES;
				CLANG_WARN_COMMA = YES;
				CLANG_WARN_CONSTANT_CONVERSION = YES;
				CLANG_WARN_DEPRECATED_OBJC_IMPLEMENTATIONS = YES;
				CLANG_WARN_DIRECT_OBJC_ISA_USAGE = YES_ERROR;
				CLANG_WARN_DOCUMENTATION_COMMENTS = YES;
				CLANG_WARN_EMPTY_BODY = YES;
				CLANG_WARN_ENUM_CONVERSION = YES;
				CLANG_WARN_INFINITE_RECURSION = YES;
				CLANG_WARN_INT_CONVERSION = YES;
				CLANG_WARN_NON_LITERAL_NULL_CONVERSION = YES;
				CLANG_WARN_OBJC_IMPLICIT_RETAIN_SELF = YES;
				CLANG_WARN_OBJC_LITERAL_CONVERSION = YES;
				CLANG_WARN_OBJC_ROOT_CLASS = YES_ERROR;
				CLANG_WARN_RANGE_LOOP_ANALYSIS = YES;
				CLANG_WARN_STRICT_PROTOTYPES = YES;
				CLANG_WARN_SUSPICIOUS_MOVE = YES;
				CLANG_WARN_UNGUARDED_AVAILABILITY = YES_AGGRESSIVE;
				CLANG_WARN_UNREACHABLE_CODE = YES;
				CLANG_WARN__DUPLICATE_METHOD_MATCH = YES;
				CODE_SIGN_IDENTITY = "iPhone Developer";
				COPY_PHASE_STRIP = NO;
				DEBUG_INFORMATION_FORMAT = "dwarf-with-dsym";
				ENABLE_NS_ASSERTIONS = NO;
				ENABLE_STRICT_OBJC_MSGSEND = YES;
				GCC_C_LANGUAGE_STANDARD = gnu11;
				GCC_NO_COMMON_BLOCKS = YES;
				GCC_WARN_64_TO_32_BIT_CONVERSION = YES;
				GCC_WARN_ABOUT_RETURN_TYPE = YES_ERROR;
				GCC_WARN_UNDECLARED_SELECTOR = YES;
				GCC_WARN_UNINITIALIZED_AUTOS = YES_AGGRESSIVE;
				GCC_WARN_UNUSED_FUNCTION = YES;
				GCC_WARN_UNUSED_VARIABLE = YES;
				IPHONEOS_DEPLOYMENT_TARGET = 12.1;
				MTL_ENABLE_DEBUG_INFO = NO;
				MTL_FAST_MATH = YES;
				SDKROOT = iphoneos;
				SWIFT_COMPILATION_MODE = wholemodule;
				SWIFT_OPTIMIZATION_LEVEL = "-O";
				SWIFT_VERSION = 4.2;
				VALIDATE_PRODUCT = YES;
			};
			name = Release;
		};
		32D999E1241C9E2A000E8FBF /* Debug */ = {
			isa = XCBuildConfiguration;
			baseConfigurationReference = A6D21ED394BD2F59D4F5609C /* Pods-HeadyMovieDB.debug.xcconfig */;
			buildSettings = {
				ASSETCATALOG_COMPILER_APPICON_NAME = AppIcon;
				CODE_SIGN_STYLE = Automatic;
				DEVELOPMENT_TEAM = 3L9URWZKAS;
				INFOPLIST_FILE = HeadyMovieDB/Info.plist;
				LD_RUNPATH_SEARCH_PATHS = (
					"$(inherited)",
					"@executable_path/Frameworks",
				);
				PRODUCT_BUNDLE_IDENTIFIER = com.atul.HeadyMovieDB;
				PRODUCT_NAME = "$(TARGET_NAME)";
				SWIFT_VERSION = 4.2;
				TARGETED_DEVICE_FAMILY = "1,2";
			};
			name = Debug;
		};
		32D999E2241C9E2A000E8FBF /* Release */ = {
			isa = XCBuildConfiguration;
			baseConfigurationReference = F970B1281A10B00B6DED0D1B /* Pods-HeadyMovieDB.release.xcconfig */;
			buildSettings = {
				ASSETCATALOG_COMPILER_APPICON_NAME = AppIcon;
				CODE_SIGN_STYLE = Automatic;
				DEVELOPMENT_TEAM = 3L9URWZKAS;
				INFOPLIST_FILE = HeadyMovieDB/Info.plist;
				LD_RUNPATH_SEARCH_PATHS = (
					"$(inherited)",
					"@executable_path/Frameworks",
				);
				PRODUCT_BUNDLE_IDENTIFIER = com.atul.HeadyMovieDB;
				PRODUCT_NAME = "$(TARGET_NAME)";
				SWIFT_VERSION = 4.2;
				TARGETED_DEVICE_FAMILY = "1,2";
			};
			name = Release;
		};
/* End XCBuildConfiguration section */

/* Begin XCConfigurationList section */
		32D999C9241C9E20000E8FBF /* Build configuration list for PBXProject "HeadyMovieDB" */ = {
			isa = XCConfigurationList;
			buildConfigurations = (
				32D999DE241C9E2A000E8FBF /* Debug */,
				32D999DF241C9E2A000E8FBF /* Release */,
			);
			defaultConfigurationIsVisible = 0;
			defaultConfigurationName = Release;
		};
		32D999E0241C9E2A000E8FBF /* Build configuration list for PBXNativeTarget "HeadyMovieDB" */ = {
			isa = XCConfigurationList;
			buildConfigurations = (
				32D999E1241C9E2A000E8FBF /* Debug */,
				32D999E2241C9E2A000E8FBF /* Release */,
			);
			defaultConfigurationIsVisible = 0;
			defaultConfigurationName = Release;
		};
/* End XCConfigurationList section */
	};
	rootObject = 32D999C6241C9E20000E8FBF /* Project object */;
}
